{
  "pins" : [
    {
      "identity" : "plaid-link-ios",
      "kind" : "remoteSourceControl",
      "location" : "https://github.com/plaid/plaid-link-ios",
      "state" : {
        "revision" : "8c0ca813013037e79b0a2ffb08d989b368473711",
        "version" : "4.0.1"
      }
    }
  ],
  "version" : 2
}
